
Microsoft Visual Studio Solution File, Format Version 12.00
# Visual Studio Version 17
VisualStudioVersion = 17.5.33530.505
MinimumVisualStudioVersion = 10.0.40219.1
Project("{FAE04EC0-301F-11D3-BF4B-00C04F79EFBC}") = "BlazorModifySqlScript", "BlazorModifySqlScript\BlazorModifySqlScript.csproj", "{ECAADF50-1DCA-439F-9BEC-5EC81CA40C32}"
EndProject
Global
	GlobalSection(SolutionConfigurationPlatforms) = preSolution
		Debug|Any CPU = Debug|Any CPU
		Release|Any CPU = Release|Any CPU
	EndGlobalSection
	GlobalSection(ProjectConfigurationPlatforms) = postSolution
		{ECAADF50-1DCA-439F-9BEC-5EC81CA40C32}.Debug|Any CPU.ActiveCfg = Debug|Any CPU
		{ECAADF50-1DCA-439F-9BEC-5EC81CA40C32}.Debug|Any CPU.Build.0 = Debug|Any CPU
		{ECAADF50-1DCA-439F-9BEC-5EC81CA40C32}.Release|Any CPU.ActiveCfg = Release|Any CPU
		{ECAADF50-1DCA-439F-9BEC-5EC81CA40C32}.Release|Any CPU.Build.0 = Release|Any CPU
	EndGlobalSection
	GlobalSection(SolutionProperties) = preSolution
		HideSolutionNode = FALSE
	EndGlobalSection
	GlobalSection(ExtensibilityGlobals) = postSolution
		SolutionGuid = {0265E3D1-B722-42E8-BEEC-685EE70B0667}
	EndGlobalSection
EndGlobal
